<?xml version="1.0" encoding="utf-8"?>
<Project ToolsVersion="4.0" xmlns="http://schemas.microsoft.com/developer/msbuild/2003">
  <ItemGroup>
    <ClCompile Include="test.cpp" />
    <ClCompile Include="pch.cpp" />
    <ClCompile Include="test_files\test_parser_test.c">
      <Filter>test_files</Filter>
    </ClCompile>
    <ClCompile Include="test_files\test_lexer_identifiers_symbols.c">
      <Filter>test_files</Filter>
    </ClCompile>
    <ClCompile Include="test_files\test_lexer_numbers.c">
      <Filter>test_files</Filter>
    </ClCompile>
    <ClCompile Include="test_files\test_lexer_operators.c">
      <Filter>test_files</Filter>
    </ClCompile>
    <ClCompile Include="test_files\test_lexer_ordinary_c_file.c">
      <Filter>test_files</Filter>
    </ClCompile>
    <ClCompile Include="test_files\test_lexer_quote.c">
      <Filter>test_files</Filter>
    </ClCompile>
    <ClCompile Include="test_files\test_lexer_string_and_include_strings.c">
      <Filter>test_files</Filter>
    </ClCompile>
    <ClCompile Include="test_files\test_lexer_symbol.c">
      <Filter>test_files</Filter>
    </ClCompile>
    <ClCompile Include="test_files\test_parser_function.c">
      <Filter>test_files</Filter>
    </ClCompile>
    <ClCompile Include="test_files\test_parser_keyword.c">
      <Filter>test_files</Filter>
    </ClCompile>
  </ItemGroup>
  <ItemGroup>
    <ClInclude Include="pch.h" />
  </ItemGroup>
  <ItemGroup>
    <None Include="packages.config" />
  </ItemGroup>
  <ItemGroup>
    <Filter Include="test_files">
      <UniqueIdentifier>{02fe947e-7eb7-444c-93a8-92a92069fa59}</UniqueIdentifier>
    </Filter>
  </ItemGroup>
</Project>