<?xml version="1.0" encoding="utf-8"?>
<Project ToolsVersion="4.0" xmlns="http://schemas.microsoft.com/developer/msbuild/2003">
  <ItemGroup>
    <ClCompile Include="test.cpp" />
    <ClCompile Include="pch.cpp" />
    <ClCompile Include="test_helper.cpp" />
  </ItemGroup>
  <ItemGroup>
    <ClInclude Include="pch.h" />
  </ItemGroup>
  <ItemGroup>
    <None Include="packages.config" />
    <None Include="test_files\lexer\test_lexer_identifiers_symbols.c">
      <Filter>test_files\lexer</Filter>
    </None>
    <None Include="test_files\lexer\test_lexer_numbers.c">
      <Filter>test_files\lexer</Filter>
    </None>
    <None Include="test_files\lexer\test_lexer_operators.c">
      <Filter>test_files\lexer</Filter>
    </None>
    <None Include="test_files\lexer\test_lexer_ordinary_c_file.c">
      <Filter>test_files\lexer</Filter>
    </None>
    <None Include="test_files\lexer\test_lexer_quote.c">
      <Filter>test_files\lexer</Filter>
    </None>
    <None Include="test_files\lexer\test_lexer_string_and_include_strings.c">
      <Filter>test_files\lexer</Filter>
    </None>
    <None Include="test_files\lexer\test_lexer_symbol.c">
      <Filter>test_files\lexer</Filter>
    </None>
    <None Include="test_files\codegeneration\test_codegen_function.c">
      <Filter>test_files\codegeneration</Filter>
    </None>
    <None Include="test_files\codegeneration\test_codegen_function_arguments.c">
      <Filter>test_files\codegeneration</Filter>
    </None>
    <None Include="test_files\codegeneration\test_codegen_function_arguments2.c">
      <Filter>test_files\codegeneration</Filter>
    </None>
    <None Include="test_files\codegeneration\test_codegen_function_arguments3.c">
      <Filter>test_files\codegeneration</Filter>
    </None>
    <None Include="test_files\codegeneration\test_codegen_global_variables.c">
      <Filter>test_files\codegeneration</Filter>
    </None>
    <None Include="test_files\parser\test_parser_function.c">
      <Filter>test_files\parser</Filter>
    </None>
    <None Include="test_files\parser\test_parser_function_2.c">
      <Filter>test_files\parser</Filter>
    </None>
    <None Include="test_files\parser\test_parser_function_arguments.c">
      <Filter>test_files\parser</Filter>
    </None>
    <None Include="test_files\parser\test_parser_global_access_from_function.c">
      <Filter>test_files\parser</Filter>
    </None>
    <None Include="test_files\parser\test_parser_keyword.c">
      <Filter>test_files\parser</Filter>
    </None>
    <None Include="test_files\parser\test_parser_test.c">
      <Filter>test_files\parser</Filter>
    </None>
    <None Include="test_files\parser\test_parser_unary.c">
      <Filter>test_files\parser</Filter>
    </None>
    <None Include="test_files\codegeneration\test_codegen_function_call.c">
      <Filter>test_files\codegeneration</Filter>
    </None>
    <None Include="test_files\codegeneration\test_codegen_function_call2.c">
      <Filter>test_files\codegeneration</Filter>
    </None>
    <None Include="test_files\parser\test_parser_string.c">
      <Filter>test_files\parser</Filter>
    </None>
    <None Include="test_files\codegeneration\test_codegen_function_call3.c">
      <Filter>test_files\codegeneration</Filter>
    </None>
    <None Include="test_files\codegeneration\test_codegen_function_call4.c">
      <Filter>test_files\codegeneration</Filter>
    </None>
    <None Include="test_files\codegeneration\test_codegen_if_statement.c">
      <Filter>test_files\codegeneration</Filter>
    </None>
    <None Include="test_files\parser\test_parser_if_statement.c">
      <Filter>test_files\parser</Filter>
    </None>
    <None Include="test_files\parser\test_parser_if_else_statement.c">
      <Filter>test_files\parser</Filter>
    </None>
    <None Include="test_files\codegeneration\test_codegen_if_else_statement.c">
      <Filter>test_files\codegeneration</Filter>
    </None>
    <None Include="test_files\codegeneration\test_codegen_while_statement.c">
      <Filter>test_files\codegeneration</Filter>
    </None>
    <None Include="test_files\parser\test_parser_for_statement.c">
      <Filter>test_files\parser</Filter>
    </None>
    <None Include="test_files\parser\test_parser_while_statement.c">
      <Filter>test_files\parser</Filter>
    </None>
    <None Include="test_files\codegeneration\test_codegen_for_statement.c">
      <Filter>test_files\codegeneration</Filter>
    </None>
    <None Include="test_files\codegeneration\test_codegen_unary.c">
      <Filter>test_files\codegeneration</Filter>
    </None>
    <None Include="test_files\codegeneration\test_codegen_unary2.c">
      <Filter>test_files\codegeneration</Filter>
    </None>
    <None Include="test_files\codegeneration\test_codegen_unary3.c">
      <Filter>test_files\codegeneration</Filter>
    </None>
    <None Include="test_files\codegeneration\test_codegen_single_line_statement.c">
      <Filter>test_files\codegeneration</Filter>
    </None>
    <None Include="test_files\codegeneration\test_codegen_continue_break.c">
      <Filter>test_files\codegeneration</Filter>
    </None>
    <None Include="test_files\codegeneration\test_codegen_return.c">
      <Filter>test_files\codegeneration</Filter>
    </None>
    <None Include="test_files\preprocessor\test_preprocessor_define.c">
      <Filter>test_files\preprocessor</Filter>
    </None>
    <None Include="test_files\preprocessor\test_preprocessor_ifdef.c">
      <Filter>test_files\preprocessor</Filter>
    </None>
    <None Include="test_files\preprocessor\test_preprocessor_undef.c">
      <Filter>test_files\preprocessor</Filter>
    </None>
    <None Include="test_files\preprocessor\test_preprocessor_ifndef.c">
      <Filter>test_files\preprocessor</Filter>
    </None>
    <None Include="test_files\preprocessor\test_preprocessor_if.c">
      <Filter>test_files\preprocessor</Filter>
    </None>
  </ItemGroup>
  <ItemGroup>
    <Filter Include="test_files">
      <UniqueIdentifier>{f7221aa7-7360-4d4e-8d51-86723c73cf6c}</UniqueIdentifier>
    </Filter>
    <Filter Include="test_files\codegeneration">
      <UniqueIdentifier>{91b1686c-69cd-4206-8adb-d0f468f42b14}</UniqueIdentifier>
    </Filter>
    <Filter Include="test_files\lexer">
      <UniqueIdentifier>{baffa09b-93af-4344-9878-037bb53a764d}</UniqueIdentifier>
    </Filter>
    <Filter Include="test_files\parser">
      <UniqueIdentifier>{833b1d39-e467-43d1-982e-1d6ea801b3dc}</UniqueIdentifier>
    </Filter>
    <Filter Include="test_files\preprocessor">
      <UniqueIdentifier>{498e690f-1c8a-4736-8c9f-844c81b64e5c}</UniqueIdentifier>
    </Filter>
  </ItemGroup>
</Project>