<?xml version="1.0" encoding="utf-8"?>
<Project ToolsVersion="4.0" xmlns="http://schemas.microsoft.com/developer/msbuild/2003">
  <ItemGroup>
    <ClCompile Include="asmWriter.cpp" />
    <ClCompile Include="codeGenerator.cpp" />
    <ClCompile Include="compilerProcess.cpp" />
    <ClCompile Include="compiler_lib.cpp" />
    <ClCompile Include="datatype.cpp" />
    <ClCompile Include="filePosition.cpp" />
    <ClCompile Include="lexer.cpp" />
    <ClCompile Include="node.cpp" />
    <ClCompile Include="parser.cpp" />
    <ClCompile Include="pch.cpp" />
    <ClCompile Include="precedenceHandler.cpp" />
    <ClCompile Include="resolver.cpp" />
    <ClCompile Include="resolverScope.cpp" />
    <ClCompile Include="scope.cpp" />
    <ClCompile Include="scopeEntity.cpp" />
    <ClCompile Include="token.cpp" />
  </ItemGroup>
  <ItemGroup>
    <ClInclude Include="asmWriter.h" />
    <ClInclude Include="braze_compiler.h" />
    <ClInclude Include="codeGenerator.h" />
    <ClInclude Include="compilerProcess.h" />
    <ClInclude Include="datatype.h" />
    <ClInclude Include="filePosition.h" />
    <ClInclude Include="framework.h" />
    <ClInclude Include="lexer.h" />
    <ClInclude Include="node.h" />
    <ClInclude Include="parser.h" />
    <ClInclude Include="pch.h" />
    <ClInclude Include="precedenceHandler.h" />
    <ClInclude Include="resolver.h" />
    <ClInclude Include="resolverScope.h" />
    <ClInclude Include="scope.h" />
    <ClInclude Include="scopeEntity.h" />
    <ClInclude Include="token.h" />
  </ItemGroup>
</Project>