<?xml version="1.0" encoding="utf-8"?>
<Project ToolsVersion="4.0" xmlns="http://schemas.microsoft.com/developer/msbuild/2003">
  <ItemGroup>
    <ClInclude Include="braze_compiler.h" />
    <ClInclude Include="datatype.h" />
    <ClInclude Include="filePosition.h" />
    <ClInclude Include="framework.h" />
    <ClInclude Include="lexer.h" />
    <ClInclude Include="parser.h" />
    <ClInclude Include="precedenceHandler.h" />
    <ClInclude Include="scope.h" />
    <ClInclude Include="token.h" />
    <ClInclude Include="stackMonitor.h" />
    <ClInclude Include="symbolResolver.h" />
    <ClInclude Include="source\pch.h">
      <Filter>source</Filter>
    </ClInclude>
    <ClInclude Include="node\node.h">
      <Filter>node</Filter>
    </ClInclude>
    <ClInclude Include="node\nodeExpression.h">
      <Filter>node</Filter>
    </ClInclude>
    <ClInclude Include="codegen\asmWriter.h">
      <Filter>codegen</Filter>
    </ClInclude>
    <ClInclude Include="codegen\codeGenerator.h">
      <Filter>codegen</Filter>
    </ClInclude>
    <ClInclude Include="codegen\codeGeneratorExpression.h">
      <Filter>codegen</Filter>
    </ClInclude>
    <ClInclude Include="codegen\stackMonitor.h">
      <Filter>codegen</Filter>
    </ClInclude>
    <ClInclude Include="charstream\charStreamArgs.h">
      <Filter>charstream</Filter>
    </ClInclude>
    <ClInclude Include="charstream\charStreamFile.h">
      <Filter>charstream</Filter>
    </ClInclude>
    <ClInclude Include="charstream\charStreamInterface.h">
      <Filter>charstream</Filter>
    </ClInclude>
    <ClInclude Include="node\nodeStatement.h">
      <Filter>node</Filter>
    </ClInclude>
    <ClInclude Include="codegen\resolver\resolver.h">
      <Filter>codegen\resolver</Filter>
    </ClInclude>
    <ClInclude Include="codegen\resolver\resolverEntity.h">
      <Filter>codegen\resolver</Filter>
    </ClInclude>
    <ClInclude Include="codegen\resolver\resolverEntityData.h">
      <Filter>codegen\resolver</Filter>
    </ClInclude>
    <ClInclude Include="codegen\resolver\resolverResult.h">
      <Filter>codegen\resolver</Filter>
    </ClInclude>
    <ClInclude Include="codegen\resolver\resolverScope.h">
      <Filter>codegen\resolver</Filter>
    </ClInclude>
    <ClInclude Include="codegen\codeGeneratorStatement.h">
      <Filter>codegen</Filter>
    </ClInclude>
  </ItemGroup>
  <ItemGroup>
    <ClCompile Include="source\compilerProcess.cpp">
      <Filter>source</Filter>
    </ClCompile>
    <ClCompile Include="source\compiler_lib.cpp">
      <Filter>source</Filter>
    </ClCompile>
    <ClCompile Include="source\datatype.cpp">
      <Filter>source</Filter>
    </ClCompile>
    <ClCompile Include="source\filePosition.cpp">
      <Filter>source</Filter>
    </ClCompile>
    <ClCompile Include="source\lexer.cpp">
      <Filter>source</Filter>
    </ClCompile>
    <ClCompile Include="source\parser.cpp">
      <Filter>source</Filter>
    </ClCompile>
    <ClCompile Include="source\precedenceHandler.cpp">
      <Filter>source</Filter>
    </ClCompile>
    <ClCompile Include="source\scope.cpp">
      <Filter>source</Filter>
    </ClCompile>
    <ClCompile Include="source\symbolResolver.cpp">
      <Filter>source</Filter>
    </ClCompile>
    <ClCompile Include="source\token.cpp">
      <Filter>source</Filter>
    </ClCompile>
    <ClCompile Include="node\source\node.cpp">
      <Filter>node\source</Filter>
    </ClCompile>
    <ClCompile Include="node\source\nodeExpression.cpp">
      <Filter>node\source</Filter>
    </ClCompile>
    <ClCompile Include="codegen\source\asmWriter.cpp">
      <Filter>codegen\source</Filter>
    </ClCompile>
    <ClCompile Include="codegen\source\codeGenerator.cpp">
      <Filter>codegen\source</Filter>
    </ClCompile>
    <ClCompile Include="codegen\source\codeGeneratorExpression.cpp">
      <Filter>codegen\source</Filter>
    </ClCompile>
    <ClCompile Include="codegen\source\stackMonitor.cpp">
      <Filter>codegen\source</Filter>
    </ClCompile>
    <ClCompile Include="charstream\source\charStreamArgs.cpp">
      <Filter>charstream\source</Filter>
    </ClCompile>
    <ClCompile Include="charstream\source\charStreamFile.cpp">
      <Filter>charstream\source</Filter>
    </ClCompile>
    <ClCompile Include="charstream\source\charStreamInterface.cpp">
      <Filter>charstream\source</Filter>
    </ClCompile>
    <ClCompile Include="node\source\nodeStatement.cpp">
      <Filter>node\source</Filter>
    </ClCompile>
    <ClCompile Include="codegen\resolver\source\resolver.cpp">
      <Filter>codegen\resolver\source</Filter>
    </ClCompile>
    <ClCompile Include="codegen\resolver\source\resolverEntity.cpp">
      <Filter>codegen\resolver\source</Filter>
    </ClCompile>
    <ClCompile Include="codegen\resolver\source\resolverEntityData.cpp">
      <Filter>codegen\resolver\source</Filter>
    </ClCompile>
    <ClCompile Include="codegen\resolver\source\resolverResult.cpp">
      <Filter>codegen\resolver\source</Filter>
    </ClCompile>
    <ClCompile Include="codegen\resolver\source\resolverScope.cpp">
      <Filter>codegen\resolver\source</Filter>
    </ClCompile>
    <ClCompile Include="codegen\source\codeGeneratorStatement.cpp">
      <Filter>codegen\source</Filter>
    </ClCompile>
  </ItemGroup>
  <ItemGroup>
    <Filter Include="source">
      <UniqueIdentifier>{d23c64dd-7d77-47ad-b352-4fe2728ec7b8}</UniqueIdentifier>
    </Filter>
    <Filter Include="node">
      <UniqueIdentifier>{7d4b8170-4ec0-4346-b200-ca09a155c903}</UniqueIdentifier>
    </Filter>
    <Filter Include="node\source">
      <UniqueIdentifier>{264b9de3-ccee-49bf-b223-af3fcb688a5c}</UniqueIdentifier>
    </Filter>
    <Filter Include="codegen">
      <UniqueIdentifier>{7becb17f-6ec9-405e-b02a-5040ed5fe222}</UniqueIdentifier>
    </Filter>
    <Filter Include="charstream">
      <UniqueIdentifier>{bd8baaf0-7d09-4f24-a6b7-9c6055ea0047}</UniqueIdentifier>
    </Filter>
    <Filter Include="charstream\source">
      <UniqueIdentifier>{1aa4c869-74c2-41ab-8d79-721ef8347d6a}</UniqueIdentifier>
    </Filter>
    <Filter Include="codegen\source">
      <UniqueIdentifier>{860aa67e-ef39-42be-a04a-21c91e23ffa6}</UniqueIdentifier>
    </Filter>
    <Filter Include="codegen\resolver">
      <UniqueIdentifier>{39ef904b-4e34-466a-8db5-dc9796f69f26}</UniqueIdentifier>
    </Filter>
    <Filter Include="codegen\resolver\source">
      <UniqueIdentifier>{c9f44123-68dd-4ed3-afca-48864610508a}</UniqueIdentifier>
    </Filter>
  </ItemGroup>
</Project>