<?xml version="1.0" encoding="utf-8"?>
<Project ToolsVersion="4.0" xmlns="http://schemas.microsoft.com/developer/msbuild/2003">
  <ItemGroup>
    <ClInclude Include="asmWriter.h" />
    <ClInclude Include="braze_compiler.h" />
    <ClInclude Include="codeGenerator.h" />
    <ClInclude Include="compilerProcess.h" />
    <ClInclude Include="datatype.h" />
    <ClInclude Include="filePosition.h" />
    <ClInclude Include="framework.h" />
    <ClInclude Include="lexer.h" />
    <ClInclude Include="node.h" />
    <ClInclude Include="parser.h" />
    <ClInclude Include="precedenceHandler.h" />
    <ClInclude Include="resolver.h" />
    <ClInclude Include="resolverScope.h" />
    <ClInclude Include="scope.h" />
    <ClInclude Include="token.h" />
    <ClInclude Include="resolverScopeData.h" />
    <ClInclude Include="resolverEntityData.h" />
    <ClInclude Include="resolverEntity.h" />
    <ClInclude Include="resolverResult.h" />
    <ClInclude Include="stackMonitor.h" />
    <ClInclude Include="symbolResolver.h" />
    <ClInclude Include="source\pch.h">
      <Filter>source</Filter>
    </ClInclude>
  </ItemGroup>
  <ItemGroup>
    <ClCompile Include="source\asmWriter.cpp">
      <Filter>source</Filter>
    </ClCompile>
    <ClCompile Include="source\codeGenerator.cpp">
      <Filter>source</Filter>
    </ClCompile>
    <ClCompile Include="source\compilerProcess.cpp">
      <Filter>source</Filter>
    </ClCompile>
    <ClCompile Include="source\compiler_lib.cpp">
      <Filter>source</Filter>
    </ClCompile>
    <ClCompile Include="source\datatype.cpp">
      <Filter>source</Filter>
    </ClCompile>
    <ClCompile Include="source\filePosition.cpp">
      <Filter>source</Filter>
    </ClCompile>
    <ClCompile Include="source\lexer.cpp">
      <Filter>source</Filter>
    </ClCompile>
    <ClCompile Include="source\node.cpp">
      <Filter>source</Filter>
    </ClCompile>
    <ClCompile Include="source\parser.cpp">
      <Filter>source</Filter>
    </ClCompile>
    <ClCompile Include="source\pch.cpp">
      <Filter>source</Filter>
    </ClCompile>
    <ClCompile Include="source\precedenceHandler.cpp">
      <Filter>source</Filter>
    </ClCompile>
    <ClCompile Include="source\resolver.cpp">
      <Filter>source</Filter>
    </ClCompile>
    <ClCompile Include="source\resolverEntity.cpp">
      <Filter>source</Filter>
    </ClCompile>
    <ClCompile Include="source\resolverEntityData.cpp">
      <Filter>source</Filter>
    </ClCompile>
    <ClCompile Include="source\resolverResult.cpp">
      <Filter>source</Filter>
    </ClCompile>
    <ClCompile Include="source\resolverScope.cpp">
      <Filter>source</Filter>
    </ClCompile>
    <ClCompile Include="source\resolverScopeData.cpp">
      <Filter>source</Filter>
    </ClCompile>
    <ClCompile Include="source\scope.cpp">
      <Filter>source</Filter>
    </ClCompile>
    <ClCompile Include="source\stackMonitor.cpp">
      <Filter>source</Filter>
    </ClCompile>
    <ClCompile Include="source\symbolResolver.cpp">
      <Filter>source</Filter>
    </ClCompile>
    <ClCompile Include="source\token.cpp">
      <Filter>source</Filter>
    </ClCompile>
  </ItemGroup>
  <ItemGroup>
    <Filter Include="source">
      <UniqueIdentifier>{d23c64dd-7d77-47ad-b352-4fe2728ec7b8}</UniqueIdentifier>
    </Filter>
  </ItemGroup>
</Project>